
Microsoft Visual Studio Solution File, Format Version 12.00
# Visual Studio Version 17
VisualStudioVersion = 17.6.33801.468
MinimumVisualStudioVersion = 10.0.40219.1
Project("{FAE04EC0-301F-11D3-BF4B-00C04F79EFBC}") = "HatDinhDuong", "HatDinhDuong\HatDinhDuong.csproj", "{B416F8B9-328F-453E-81F2-12A12412A6B1}"
EndProject
Global
	GlobalSection(SolutionConfigurationPlatforms) = preSolution
		Debug|Any CPU = Debug|Any CPU
		Release|Any CPU = Release|Any CPU
	EndGlobalSection
	GlobalSection(ProjectConfigurationPlatforms) = postSolution
		{B416F8B9-328F-453E-81F2-12A12412A6B1}.Debug|Any CPU.ActiveCfg = Debug|Any CPU
		{B416F8B9-328F-453E-81F2-12A12412A6B1}.Debug|Any CPU.Build.0 = Debug|Any CPU
		{B416F8B9-328F-453E-81F2-12A12412A6B1}.Release|Any CPU.ActiveCfg = Release|Any CPU
		{B416F8B9-328F-453E-81F2-12A12412A6B1}.Release|Any CPU.Build.0 = Release|Any CPU
	EndGlobalSection
	GlobalSection(SolutionProperties) = preSolution
		HideSolutionNode = FALSE
	EndGlobalSection
	GlobalSection(ExtensibilityGlobals) = postSolution
		SolutionGuid = {72BD530E-CE6F-492A-9052-6AB6C6301B20}
	EndGlobalSection
EndGlobal
